%{
  "elixir_make": {:hex, :elixir_make, "0.6.2", "7dffacd77dec4c37b39af867cedaabb0b59f6a871f89722c25b28fcd4bd70530", [:mix], [], "hexpm", "03e49eadda22526a7e5279d53321d1cced6552f344ba4e03e619063de75348d9"},
  "gen_state_machine": {:hex, :gen_state_machine, "3.0.0", "1e57f86a494e5c6b14137ebef26a7eb342b3b0070c7135f2d6768ed3f6b6cdff", [:mix], [], "hexpm", "0a59652574bebceb7309f6b749d2a41b45fdeda8dbb4da0791e355dd19f0ed15"},
  "sippet": {:hex, :sippet, "1.0.9", "6dead3429b2d880f8cfe79cf45ff4ab77bb928d568189d0427e7455d89988429", [:mix], [{:elixir_make, "~> 0.4", [hex: :elixir_make, repo: "hexpm", optional: false]}, {:gen_state_machine, ">= 3.0.0", [hex: :gen_state_machine, repo: "hexpm", optional: false]}, {:sippet_uri, "~> 0.1", [hex: :sippet_uri, repo: "hexpm", optional: false]}], "hexpm", "002e00ecec90a0bbffd78062958ac8f73e82131b20c6e9cf04be40aa6e2e0835"},
  "sippet_uri": {:hex, :sippet_uri, "0.1.0", "ec8bfe6df12e17c0ca32b18b2177585426448bf3e3b0434f5ddfb93dc075add2", [:mix], [], "hexpm", "e8b1ad3fdd12670b4e9851a273624a7ed4b12cf5e705dec7906204c294d9790b"},
}
